
Microsoft Visual Studio Solution File, Format Version 12.00
# Visual Studio Version 17
VisualStudioVersion = 17.12.35309.182
MinimumVisualStudioVersion = 10.0.40219.1
Project("{FAE04EC0-301F-11D3-BF4B-00C04F79EFBC}") = "uBlox.GpsModule.Reader", "uBlox.GpsModule.Reader\uBlox.GpsModule.Reader.csproj", "{A37C8CCA-F2D7-48D2-BF38-C1ECBBAC8465}"
EndProject
Global
	GlobalSection(SolutionConfigurationPlatforms) = preSolution
		Debug|Any CPU = Debug|Any CPU
		Release|Any CPU = Release|Any CPU
	EndGlobalSection
	GlobalSection(ProjectConfigurationPlatforms) = postSolution
		{A37C8CCA-F2D7-48D2-BF38-C1ECBBAC8465}.Debug|Any CPU.ActiveCfg = Debug|Any CPU
		{A37C8CCA-F2D7-48D2-BF38-C1ECBBAC8465}.Debug|Any CPU.Build.0 = Debug|Any CPU
		{A37C8CCA-F2D7-48D2-BF38-C1ECBBAC8465}.Release|Any CPU.ActiveCfg = Release|Any CPU
		{A37C8CCA-F2D7-48D2-BF38-C1ECBBAC8465}.Release|Any CPU.Build.0 = Release|Any CPU
	EndGlobalSection
	GlobalSection(SolutionProperties) = preSolution
		HideSolutionNode = FALSE
	EndGlobalSection
	GlobalSection(ExtensibilityGlobals) = postSolution
		SolutionGuid = {DA8529C0-BBDD-40C4-AF9C-6DE95784A2A0}
	EndGlobalSection
EndGlobal
